
Microsoft Visual Studio Solution File, Format Version 12.00
# Visual Studio Version 17
VisualStudioVersion = 17.0.32014.148
MinimumVisualStudioVersion = 10.0.40219.1
Project("{6EC3EE1D-3C4E-46DD-8F32-0CC8E7565705}") = "GenshinDamageSimulator", "GenshinDamageSimulator\GenshinDamageSimulator.fsproj", "{64A4D989-3477-4E34-BE98-53458CDC1D73}"
EndProject
Project("{6EC3EE1D-3C4E-46DD-8F32-0CC8E7565705}") = "GenshinDamageSimulator.Data", "GenshinDamageSimulator.Data\GenshinDamageSimulator.Data.fsproj", "{4FA1ACE5-0494-4F5F-9BE5-87BB36FD7BD9}"
EndProject
Project("{9A19103F-16F7-4668-BE54-9A1E7A4F7556}") = "GenshinDamageSimulator.Tests.Interop", "GenshinDamageSimulator.Tests.Interop\GenshinDamageSimulator.Tests.Interop.csproj", "{680E0F59-5E08-413A-B794-228C5AE96D12}"
EndProject
Project("{6EC3EE1D-3C4E-46DD-8F32-0CC8E7565705}") = "GenshinDamageSimulator.Tests", "GenshinDamageSimulator.Tests\GenshinDamageSimulator.Tests.fsproj", "{5B2DAF81-0EEE-4B47-9AA7-A1069D4DDAEB}"
EndProject
Project("{FAE04EC0-301F-11D3-BF4B-00C04F79EFBC}") = "GenshinDamageSimulator.Tests.Data", "GenshinDamageSimulator.Tests.Data\GenshinDamageSimulator.Tests.Data.csproj", "{EED4BFD5-0E53-4DA3-A5AE-BA6C42E51EA0}"
EndProject
Project("{2150E333-8FDC-42A3-9474-1A3956D46DE8}") = "GitHub", "GitHub", "{47411501-9CCC-4AD6-82D1-8683FDD6E4F6}"
	ProjectSection(SolutionItems) = preProject
		.gitignore = .gitignore
		README.md = README.md
	EndProjectSection
EndProject
Global
	GlobalSection(SolutionConfigurationPlatforms) = preSolution
		Debug|Any CPU = Debug|Any CPU
		Release|Any CPU = Release|Any CPU
	EndGlobalSection
	GlobalSection(ProjectConfigurationPlatforms) = postSolution
		{64A4D989-3477-4E34-BE98-53458CDC1D73}.Debug|Any CPU.ActiveCfg = Debug|Any CPU
		{64A4D989-3477-4E34-BE98-53458CDC1D73}.Debug|Any CPU.Build.0 = Debug|Any CPU
		{64A4D989-3477-4E34-BE98-53458CDC1D73}.Release|Any CPU.ActiveCfg = Release|Any CPU
		{64A4D989-3477-4E34-BE98-53458CDC1D73}.Release|Any CPU.Build.0 = Release|Any CPU
		{4FA1ACE5-0494-4F5F-9BE5-87BB36FD7BD9}.Debug|Any CPU.ActiveCfg = Debug|Any CPU
		{4FA1ACE5-0494-4F5F-9BE5-87BB36FD7BD9}.Debug|Any CPU.Build.0 = Debug|Any CPU
		{4FA1ACE5-0494-4F5F-9BE5-87BB36FD7BD9}.Release|Any CPU.ActiveCfg = Release|Any CPU
		{4FA1ACE5-0494-4F5F-9BE5-87BB36FD7BD9}.Release|Any CPU.Build.0 = Release|Any CPU
		{680E0F59-5E08-413A-B794-228C5AE96D12}.Debug|Any CPU.ActiveCfg = Debug|Any CPU
		{680E0F59-5E08-413A-B794-228C5AE96D12}.Debug|Any CPU.Build.0 = Debug|Any CPU
		{680E0F59-5E08-413A-B794-228C5AE96D12}.Release|Any CPU.ActiveCfg = Release|Any CPU
		{680E0F59-5E08-413A-B794-228C5AE96D12}.Release|Any CPU.Build.0 = Release|Any CPU
		{5B2DAF81-0EEE-4B47-9AA7-A1069D4DDAEB}.Debug|Any CPU.ActiveCfg = Debug|Any CPU
		{5B2DAF81-0EEE-4B47-9AA7-A1069D4DDAEB}.Debug|Any CPU.Build.0 = Debug|Any CPU
		{5B2DAF81-0EEE-4B47-9AA7-A1069D4DDAEB}.Release|Any CPU.ActiveCfg = Release|Any CPU
		{5B2DAF81-0EEE-4B47-9AA7-A1069D4DDAEB}.Release|Any CPU.Build.0 = Release|Any CPU
		{EED4BFD5-0E53-4DA3-A5AE-BA6C42E51EA0}.Debug|Any CPU.ActiveCfg = Debug|Any CPU
		{EED4BFD5-0E53-4DA3-A5AE-BA6C42E51EA0}.Debug|Any CPU.Build.0 = Debug|Any CPU
		{EED4BFD5-0E53-4DA3-A5AE-BA6C42E51EA0}.Release|Any CPU.ActiveCfg = Release|Any CPU
		{EED4BFD5-0E53-4DA3-A5AE-BA6C42E51EA0}.Release|Any CPU.Build.0 = Release|Any CPU
	EndGlobalSection
	GlobalSection(SolutionProperties) = preSolution
		HideSolutionNode = FALSE
	EndGlobalSection
	GlobalSection(ExtensibilityGlobals) = postSolution
		SolutionGuid = {7CDF4545-CECC-4FE7-AACA-97BC45CD0667}
	EndGlobalSection
EndGlobal
